// !$*UTF8*$!
{
	archiveVersion = 1;
	classes = {
	};
	objectVersion = 50;
	objects = {

/* Begin PBXBuildFile section */
		D12F75022271F41900B7EF2A /* array_vector.cpp in Sources */ = {isa = PBXBuildFile; fileRef = D12F75002271F41900B7EF2A /* array_vector.cpp */; };
		D1D5B67B228A3CD9006AA9DD /* deque_test.cpp in Sources */ = {isa = PBXBuildFile; fileRef = D1D5B679228A3CD9006AA9DD /* deque_test.cpp */; };
		D1DA462222637EDE0026FD1E /* main.cpp in Sources */ = {isa = PBXBuildFile; fileRef = D1DA462122637EDE0026FD1E /* main.cpp */; };
		D1DA462A2266243A0026FD1E /* variadic_template.cpp in Sources */ = {isa = PBXBuildFile; fileRef = D1DA46282266243A0026FD1E /* variadic_template.cpp */; };
		D1DA46F62269937C0026FD1E /* forwarding_reference.cpp in Sources */ = {isa = PBXBuildFile; fileRef = D1DA46F42269937C0026FD1E /* forwarding_reference.cpp */; };
/* End PBXBuildFile section */

/* Begin PBXCopyFilesBuildPhase section */
		D1DA461C22637EDE0026FD1E /* CopyFiles */ = {
			isa = PBXCopyFilesBuildPhase;
			buildActionMask = 2147483647;
			dstPath = /usr/share/man/man1/;
			dstSubfolderSpec = 0;
			files = (
			);
			runOnlyForDeploymentPostprocessing = 1;
		};
/* End PBXCopyFilesBuildPhase section */

/* Begin PBXFileReference section */
		D12F75002271F41900B7EF2A /* array_vector.cpp */ = {isa = PBXFileReference; lastKnownFileType = sourcecode.cpp.cpp; path = array_vector.cpp; sourceTree = "<group>"; };
		D12F75012271F41900B7EF2A /* array_vector.hpp */ = {isa = PBXFileReference; lastKnownFileType = sourcecode.cpp.h; path = array_vector.hpp; sourceTree = "<group>"; };
		D1D5B679228A3CD9006AA9DD /* deque_test.cpp */ = {isa = PBXFileReference; lastKnownFileType = sourcecode.cpp.cpp; path = deque_test.cpp; sourceTree = "<group>"; };
		D1D5B67A228A3CD9006AA9DD /* deque_test.hpp */ = {isa = PBXFileReference; lastKnownFileType = sourcecode.cpp.h; path = deque_test.hpp; sourceTree = "<group>"; };
		D1DA461E22637EDE0026FD1E /* pmcpp-code */ = {isa = PBXFileReference; explicitFileType = "compiled.mach-o.executable"; includeInIndex = 0; path = "pmcpp-code"; sourceTree = BUILT_PRODUCTS_DIR; };
		D1DA462122637EDE0026FD1E /* main.cpp */ = {isa = PBXFileReference; lastKnownFileType = sourcecode.cpp.cpp; path = main.cpp; sourceTree = "<group>"; };
		D1DA46282266243A0026FD1E /* variadic_template.cpp */ = {isa = PBXFileReference; lastKnownFileType = sourcecode.cpp.cpp; path = variadic_template.cpp; sourceTree = "<group>"; };
		D1DA46292266243A0026FD1E /* variadic_template.hpp */ = {isa = PBXFileReference; lastKnownFileType = sourcecode.cpp.h; path = variadic_template.hpp; sourceTree = "<group>"; };
		D1DA46F42269937C0026FD1E /* forwarding_reference.cpp */ = {isa = PBXFileReference; lastKnownFileType = sourcecode.cpp.cpp; path = forwarding_reference.cpp; sourceTree = "<group>"; };
		D1DA46F52269937C0026FD1E /* forwarding_reference.hpp */ = {isa = PBXFileReference; lastKnownFileType = sourcecode.cpp.h; path = forwarding_reference.hpp; sourceTree = "<group>"; };
/* End PBXFileReference section */

/* Begin PBXFrameworksBuildPhase section */
		D1DA461B22637EDE0026FD1E /* Frameworks */ = {
			isa = PBXFrameworksBuildPhase;
			buildActionMask = 2147483647;
			files = (
			);
			runOnlyForDeploymentPostprocessing = 0;
		};
/* End PBXFrameworksBuildPhase section */

/* Begin PBXGroup section */
		D1DA461522637EDE0026FD1E = {
			isa = PBXGroup;
			children = (
				D1DA462022637EDE0026FD1E /* pmcpp-code */,
				D1DA461F22637EDE0026FD1E /* Products */,
			);
			sourceTree = "<group>";
		};
		D1DA461F22637EDE0026FD1E /* Products */ = {
			isa = PBXGroup;
			children = (
				D1DA461E22637EDE0026FD1E /* pmcpp-code */,
			);
			name = Products;
			sourceTree = "<group>";
		};
		D1DA462022637EDE0026FD1E /* pmcpp-code */ = {
			isa = PBXGroup;
			children = (
				D1DA462B2266243F0026FD1E /* basis */,
				D1DA462122637EDE0026FD1E /* main.cpp */,
			);
			path = "pmcpp-code";
			sourceTree = "<group>";
		};
		D1DA462B2266243F0026FD1E /* basis */ = {
			isa = PBXGroup;
			children = (
				D1DA46282266243A0026FD1E /* variadic_template.cpp */,
				D1DA46292266243A0026FD1E /* variadic_template.hpp */,
				D1DA46F42269937C0026FD1E /* forwarding_reference.cpp */,
				D1DA46F52269937C0026FD1E /* forwarding_reference.hpp */,
				D12F75002271F41900B7EF2A /* array_vector.cpp */,
				D12F75012271F41900B7EF2A /* array_vector.hpp */,
				D1D5B679228A3CD9006AA9DD /* deque_test.cpp */,
				D1D5B67A228A3CD9006AA9DD /* deque_test.hpp */,
			);
			path = basis;
			sourceTree = "<group>";
		};
/* End PBXGroup section */

/* Begin PBXNativeTarget section */
		D1DA461D22637EDE0026FD1E /* pmcpp-code */ = {
			isa = PBXNativeTarget;
			buildConfigurationList = D1DA462522637EDE0026FD1E /* Build configuration list for PBXNativeTarget "pmcpp-code" */;
			buildPhases = (
				D1DA461A22637EDE0026FD1E /* Sources */,
				D1DA461B22637EDE0026FD1E /* Frameworks */,
				D1DA461C22637EDE0026FD1E /* CopyFiles */,
			);
			buildRules = (
			);
			dependencies = (
			);
			name = "pmcpp-code";
			productName = "pmcpp-code";
			productReference = D1DA461E22637EDE0026FD1E /* pmcpp-code */;
			productType = "com.apple.product-type.tool";
		};
/* End PBXNativeTarget section */

/* Begin PBXProject section */
		D1DA461622637EDE0026FD1E /* Project object */ = {
			isa = PBXProject;
			attributes = {
				LastUpgradeCheck = 1010;
				ORGANIZATIONNAME = everettjf;
				TargetAttributes = {
					D1DA461D22637EDE0026FD1E = {
						CreatedOnToolsVersion = 10.1;
					};
				};
			};
			buildConfigurationList = D1DA461922637EDE0026FD1E /* Build configuration list for PBXProject "pmcpp-code" */;
			compatibilityVersion = "Xcode 9.3";
			developmentRegion = en;
			hasScannedForEncodings = 0;
			knownRegions = (
				en,
			);
			mainGroup = D1DA461522637EDE0026FD1E;
			productRefGroup = D1DA461F22637EDE0026FD1E /* Products */;
			projectDirPath = "";
			projectRoot = "";
			targets = (
				D1DA461D22637EDE0026FD1E /* pmcpp-code */,
			);
		};
/* End PBXProject section */

/* Begin PBXSourcesBuildPhase section */
		D1DA461A22637EDE0026FD1E /* Sources */ = {
			isa = PBXSourcesBuildPhase;
			buildActionMask = 2147483647;
			files = (
				D1DA46F62269937C0026FD1E /* forwarding_reference.cpp in Sources */,
				D12F75022271F41900B7EF2A /* array_vector.cpp in Sources */,
				D1DA462A2266243A0026FD1E /* variadic_template.cpp in Sources */,
				D1D5B67B228A3CD9006AA9DD /* deque_test.cpp in Sources */,
				D1DA462222637EDE0026FD1E /* main.cpp in Sources */,
			);
			runOnlyForDeploymentPostprocessing = 0;
		};
/* End PBXSourcesBuildPhase section */

/* Begin XCBuildConfiguration section */
		D1DA462322637EDE0026FD1E /* Debug */ = {
			isa = XCBuildConfiguration;
			buildSettings = {
				ALWAYS_SEARCH_USER_PATHS = NO;
				CLANG_ANALYZER_NONNULL = YES;
				CLANG_ANALYZER_NUMBER_OBJECT_CONVERSION = YES_AGGRESSIVE;
				CLANG_CXX_LANGUAGE_STANDARD = "gnu++14";
				CLANG_CXX_LIBRARY = "libc++";
				CLANG_ENABLE_MODULES = YES;
				CLANG_ENABLE_OBJC_ARC = YES;
				CLANG_ENABLE_OBJC_WEAK = YES;
				CLANG_WARN_BLOCK_CAPTURE_AUTORELEASING = YES;
				CLANG_WARN_BOOL_CONVERSION = YES;
				CLANG_WARN_COMMA = YES;
				CLANG_WARN_CONSTANT_CONVERSION = YES;
				CLANG_WARN_DEPRECATED_OBJC_IMPLEMENTATIONS = YES;
				CLANG_WARN_DIRECT_OBJC_ISA_USAGE = YES_ERROR;
				CLANG_WARN_DOCUMENTATION_COMMENTS = YES;
				CLANG_WARN_EMPTY_BODY = YES;
				CLANG_WARN_ENUM_CONVERSION = YES;
				CLANG_WARN_INFINITE_RECURSION = YES;
				CLANG_WARN_INT_CONVERSION = YES;
				CLANG_WARN_NON_LITERAL_NULL_CONVERSION = YES;
				CLANG_WARN_OBJC_IMPLICIT_RETAIN_SELF = YES;
				CLANG_WARN_OBJC_LITERAL_CONVERSION = YES;
				CLANG_WARN_OBJC_ROOT_CLASS = YES_ERROR;
				CLANG_WARN_RANGE_LOOP_ANALYSIS = YES;
				CLANG_WARN_STRICT_PROTOTYPES = YES;
				CLANG_WARN_SUSPICIOUS_MOVE = YES;
				CLANG_WARN_UNGUARDED_AVAILABILITY = YES_AGGRESSIVE;
				CLANG_WARN_UNREACHABLE_CODE = YES;
				CLANG_WARN__DUPLICATE_METHOD_MATCH = YES;
				CODE_SIGN_IDENTITY = "Mac Developer";
				COPY_PHASE_STRIP = NO;
				DEBUG_INFORMATION_FORMAT = dwarf;
				ENABLE_STRICT_OBJC_MSGSEND = YES;
				ENABLE_TESTABILITY = YES;
				GCC_C_LANGUAGE_STANDARD = gnu11;
				GCC_DYNAMIC_NO_PIC = NO;
				GCC_NO_COMMON_BLOCKS = YES;
				GCC_OPTIMIZATION_LEVEL = 0;
				GCC_PREPROCESSOR_DEFINITIONS = (
					"DEBUG=1",
					"$(inherited)",
				);
				GCC_WARN_64_TO_32_BIT_CONVERSION = YES;
				GCC_WARN_ABOUT_RETURN_TYPE = YES_ERROR;
				GCC_WARN_UNDECLARED_SELECTOR = YES;
				GCC_WARN_UNINITIALIZED_AUTOS = YES_AGGRESSIVE;
				GCC_WARN_UNUSED_FUNCTION = YES;
				GCC_WARN_UNUSED_VARIABLE = YES;
				MACOSX_DEPLOYMENT_TARGET = 10.14;
				MTL_ENABLE_DEBUG_INFO = INCLUDE_SOURCE;
				MTL_FAST_MATH = YES;
				ONLY_ACTIVE_ARCH = YES;
				SDKROOT = macosx;
			};
			name = Debug;
		};
		D1DA462422637EDE0026FD1E /* Release */ = {
			isa = XCBuildConfiguration;
			buildSettings = {
				ALWAYS_SEARCH_USER_PATHS = NO;
				CLANG_ANALYZER_NONNULL = YES;
				CLANG_ANALYZER_NUMBER_OBJECT_CONVERSION = YES_AGGRESSIVE;
				CLANG_CXX_LANGUAGE_STANDARD = "gnu++14";
				CLANG_CXX_LIBRARY = "libc++";
				CLANG_ENABLE_MODULES = YES;
				CLANG_ENABLE_OBJC_ARC = YES;
				CLANG_ENABLE_OBJC_WEAK = YES;
				CLANG_WARN_BLOCK_CAPTURE_AUTORELEASING = YES;
				CLANG_WARN_BOOL_CONVERSION = YES;
				CLANG_WARN_COMMA = YES;
				CLANG_WARN_CONSTANT_CONVERSION = YES;
				CLANG_WARN_DEPRECATED_OBJC_IMPLEMENTATIONS = YES;
				CLANG_WARN_DIRECT_OBJC_ISA_USAGE = YES_ERROR;
				CLANG_WARN_DOCUMENTATION_COMMENTS = YES;
				CLANG_WARN_EMPTY_BODY = YES;
				CLANG_WARN_ENUM_CONVERSION = YES;
				CLANG_WARN_INFINITE_RECURSION = YES;
				CLANG_WARN_INT_CONVERSION = YES;
				CLANG_WARN_NON_LITERAL_NULL_CONVERSION = YES;
				CLANG_WARN_OBJC_IMPLICIT_RETAIN_SELF = YES;
				CLANG_WARN_OBJC_LITERAL_CONVERSION = YES;
				CLANG_WARN_OBJC_ROOT_CLASS = YES_ERROR;
				CLANG_WARN_RANGE_LOOP_ANALYSIS = YES;
				CLANG_WARN_STRICT_PROTOTYPES = YES;
				CLANG_WARN_SUSPICIOUS_MOVE = YES;
				CLANG_WARN_UNGUARDED_AVAILABILITY = YES_AGGRESSIVE;
				CLANG_WARN_UNREACHABLE_CODE = YES;
				CLANG_WARN__DUPLICATE_METHOD_MATCH = YES;
				CODE_SIGN_IDENTITY = "Mac Developer";
				COPY_PHASE_STRIP = NO;
				DEBUG_INFORMATION_FORMAT = "dwarf-with-dsym";
				ENABLE_NS_ASSERTIONS = NO;
				ENABLE_STRICT_OBJC_MSGSEND = YES;
				GCC_C_LANGUAGE_STANDARD = gnu11;
				GCC_NO_COMMON_BLOCKS = YES;
				GCC_WARN_64_TO_32_BIT_CONVERSION = YES;
				GCC_WARN_ABOUT_RETURN_TYPE = YES_ERROR;
				GCC_WARN_UNDECLARED_SELECTOR = YES;
				GCC_WARN_UNINITIALIZED_AUTOS = YES_AGGRESSIVE;
				GCC_WARN_UNUSED_FUNCTION = YES;
				GCC_WARN_UNUSED_VARIABLE = YES;
				MACOSX_DEPLOYMENT_TARGET = 10.14;
				MTL_ENABLE_DEBUG_INFO = NO;
				MTL_FAST_MATH = YES;
				SDKROOT = macosx;
			};
			name = Release;
		};
		D1DA462622637EDE0026FD1E /* Debug */ = {
			isa = XCBuildConfiguration;
			buildSettings = {
				CODE_SIGN_STYLE = Automatic;
				DEVELOPMENT_TEAM = YPV49M8592;
				PRODUCT_NAME = "$(TARGET_NAME)";
			};
			name = Debug;
		};
		D1DA462722637EDE0026FD1E /* Release */ = {
			isa = XCBuildConfiguration;
			buildSettings = {
				CODE_SIGN_STYLE = Automatic;
				DEVELOPMENT_TEAM = YPV49M8592;
				PRODUCT_NAME = "$(TARGET_NAME)";
			};
			name = Release;
		};
/* End XCBuildConfiguration section */

/* Begin XCConfigurationList section */
		D1DA461922637EDE0026FD1E /* Build configuration list for PBXProject "pmcpp-code" */ = {
			isa = XCConfigurationList;
			buildConfigurations = (
				D1DA462322637EDE0026FD1E /* Debug */,
				D1DA462422637EDE0026FD1E /* Release */,
			);
			defaultConfigurationIsVisible = 0;
			defaultConfigurationName = Release;
		};
		D1DA462522637EDE0026FD1E /* Build configuration list for PBXNativeTarget "pmcpp-code" */ = {
			isa = XCConfigurationList;
			buildConfigurations = (
				D1DA462622637EDE0026FD1E /* Debug */,
				D1DA462722637EDE0026FD1E /* Release */,
			);
			defaultConfigurationIsVisible = 0;
			defaultConfigurationName = Release;
		};
/* End XCConfigurationList section */
	};
	rootObject = D1DA461622637EDE0026FD1E /* Project object */;
}
