// !$*UTF8*$!
{
	archiveVersion = 1;
	classes = {
	};
	objectVersion = 50;
	objects = {

/* Begin PBXBuildFile section */
		D13D3BE522B154790081FEEB /* AppDelegate.mm in Sources */ = {isa = PBXBuildFile; fileRef = D13D3BE422B154790081FEEB /* AppDelegate.mm */; };
		D13D3BE822B154790081FEEB /* ViewController.m in Sources */ = {isa = PBXBuildFile; fileRef = D13D3BE722B154790081FEEB /* ViewController.m */; };
		D13D3BEB22B154790081FEEB /* Main.storyboard in Resources */ = {isa = PBXBuildFile; fileRef = D13D3BE922B154790081FEEB /* Main.storyboard */; };
		D13D3BED22B1547A0081FEEB /* Assets.xcassets in Resources */ = {isa = PBXBuildFile; fileRef = D13D3BEC22B1547A0081FEEB /* Assets.xcassets */; };
		D13D3BF022B1547A0081FEEB /* LaunchScreen.storyboard in Resources */ = {isa = PBXBuildFile; fileRef = D13D3BEE22B1547A0081FEEB /* LaunchScreen.storyboard */; };
		D13D3BF322B1547A0081FEEB /* main.m in Sources */ = {isa = PBXBuildFile; fileRef = D13D3BF222B1547A0081FEEB /* main.m */; };
/* End PBXBuildFile section */

/* Begin PBXFileReference section */
		D13D3BE022B154790081FEEB /* ios-boost-usage.app */ = {isa = PBXFileReference; explicitFileType = wrapper.application; includeInIndex = 0; path = "ios-boost-usage.app"; sourceTree = BUILT_PRODUCTS_DIR; };
		D13D3BE322B154790081FEEB /* AppDelegate.h */ = {isa = PBXFileReference; lastKnownFileType = sourcecode.c.h; path = AppDelegate.h; sourceTree = "<group>"; };
		D13D3BE422B154790081FEEB /* AppDelegate.mm */ = {isa = PBXFileReference; lastKnownFileType = sourcecode.cpp.objcpp; path = AppDelegate.mm; sourceTree = "<group>"; };
		D13D3BE622B154790081FEEB /* ViewController.h */ = {isa = PBXFileReference; lastKnownFileType = sourcecode.c.h; path = ViewController.h; sourceTree = "<group>"; };
		D13D3BE722B154790081FEEB /* ViewController.m */ = {isa = PBXFileReference; lastKnownFileType = sourcecode.c.objc; path = ViewController.m; sourceTree = "<group>"; };
		D13D3BEA22B154790081FEEB /* Base */ = {isa = PBXFileReference; lastKnownFileType = file.storyboard; name = Base; path = Base.lproj/Main.storyboard; sourceTree = "<group>"; };
		D13D3BEC22B1547A0081FEEB /* Assets.xcassets */ = {isa = PBXFileReference; lastKnownFileType = folder.assetcatalog; path = Assets.xcassets; sourceTree = "<group>"; };
		D13D3BEF22B1547A0081FEEB /* Base */ = {isa = PBXFileReference; lastKnownFileType = file.storyboard; name = Base; path = Base.lproj/LaunchScreen.storyboard; sourceTree = "<group>"; };
		D13D3BF122B1547A0081FEEB /* Info.plist */ = {isa = PBXFileReference; lastKnownFileType = text.plist.xml; path = Info.plist; sourceTree = "<group>"; };
		D13D3BF222B1547A0081FEEB /* main.m */ = {isa = PBXFileReference; lastKnownFileType = sourcecode.c.objc; path = main.m; sourceTree = "<group>"; };
/* End PBXFileReference section */

/* Begin PBXFrameworksBuildPhase section */
		D13D3BDD22B154790081FEEB /* Frameworks */ = {
			isa = PBXFrameworksBuildPhase;
			buildActionMask = 2147483647;
			files = (
			);
			runOnlyForDeploymentPostprocessing = 0;
		};
/* End PBXFrameworksBuildPhase section */

/* Begin PBXGroup section */
		D13D3BD722B154790081FEEB = {
			isa = PBXGroup;
			children = (
				D13D3BE222B154790081FEEB /* ios-boost-usage */,
				D13D3BE122B154790081FEEB /* Products */,
			);
			sourceTree = "<group>";
		};
		D13D3BE122B154790081FEEB /* Products */ = {
			isa = PBXGroup;
			children = (
				D13D3BE022B154790081FEEB /* ios-boost-usage.app */,
			);
			name = Products;
			sourceTree = "<group>";
		};
		D13D3BE222B154790081FEEB /* ios-boost-usage */ = {
			isa = PBXGroup;
			children = (
				D13D3BE322B154790081FEEB /* AppDelegate.h */,
				D13D3BE422B154790081FEEB /* AppDelegate.mm */,
				D13D3BE622B154790081FEEB /* ViewController.h */,
				D13D3BE722B154790081FEEB /* ViewController.m */,
				D13D3BE922B154790081FEEB /* Main.storyboard */,
				D13D3BEC22B1547A0081FEEB /* Assets.xcassets */,
				D13D3BEE22B1547A0081FEEB /* LaunchScreen.storyboard */,
				D13D3BF122B1547A0081FEEB /* Info.plist */,
				D13D3BF222B1547A0081FEEB /* main.m */,
			);
			path = "ios-boost-usage";
			sourceTree = "<group>";
		};
/* End PBXGroup section */

/* Begin PBXNativeTarget section */
		D13D3BDF22B154790081FEEB /* ios-boost-usage */ = {
			isa = PBXNativeTarget;
			buildConfigurationList = D13D3BF622B1547A0081FEEB /* Build configuration list for PBXNativeTarget "ios-boost-usage" */;
			buildPhases = (
				D13D3BDC22B154790081FEEB /* Sources */,
				D13D3BDD22B154790081FEEB /* Frameworks */,
				D13D3BDE22B154790081FEEB /* Resources */,
			);
			buildRules = (
			);
			dependencies = (
			);
			name = "ios-boost-usage";
			productName = "ios-boost-usage";
			productReference = D13D3BE022B154790081FEEB /* ios-boost-usage.app */;
			productType = "com.apple.product-type.application";
		};
/* End PBXNativeTarget section */

/* Begin PBXProject section */
		D13D3BD822B154790081FEEB /* Project object */ = {
			isa = PBXProject;
			attributes = {
				LastUpgradeCheck = 1020;
				ORGANIZATIONNAME = everettjf;
				TargetAttributes = {
					D13D3BDF22B154790081FEEB = {
						CreatedOnToolsVersion = 10.2.1;
					};
				};
			};
			buildConfigurationList = D13D3BDB22B154790081FEEB /* Build configuration list for PBXProject "ios-boost-usage" */;
			compatibilityVersion = "Xcode 9.3";
			developmentRegion = en;
			hasScannedForEncodings = 0;
			knownRegions = (
				en,
				Base,
			);
			mainGroup = D13D3BD722B154790081FEEB;
			productRefGroup = D13D3BE122B154790081FEEB /* Products */;
			projectDirPath = "";
			projectRoot = "";
			targets = (
				D13D3BDF22B154790081FEEB /* ios-boost-usage */,
			);
		};
/* End PBXProject section */

/* Begin PBXResourcesBuildPhase section */
		D13D3BDE22B154790081FEEB /* Resources */ = {
			isa = PBXResourcesBuildPhase;
			buildActionMask = 2147483647;
			files = (
				D13D3BF022B1547A0081FEEB /* LaunchScreen.storyboard in Resources */,
				D13D3BED22B1547A0081FEEB /* Assets.xcassets in Resources */,
				D13D3BEB22B154790081FEEB /* Main.storyboard in Resources */,
			);
			runOnlyForDeploymentPostprocessing = 0;
		};
/* End PBXResourcesBuildPhase section */

/* Begin PBXSourcesBuildPhase section */
		D13D3BDC22B154790081FEEB /* Sources */ = {
			isa = PBXSourcesBuildPhase;
			buildActionMask = 2147483647;
			files = (
				D13D3BE822B154790081FEEB /* ViewController.m in Sources */,
				D13D3BF322B1547A0081FEEB /* main.m in Sources */,
				D13D3BE522B154790081FEEB /* AppDelegate.mm in Sources */,
			);
			runOnlyForDeploymentPostprocessing = 0;
		};
/* End PBXSourcesBuildPhase section */

/* Begin PBXVariantGroup section */
		D13D3BE922B154790081FEEB /* Main.storyboard */ = {
			isa = PBXVariantGroup;
			children = (
				D13D3BEA22B154790081FEEB /* Base */,
			);
			name = Main.storyboard;
			sourceTree = "<group>";
		};
		D13D3BEE22B1547A0081FEEB /* LaunchScreen.storyboard */ = {
			isa = PBXVariantGroup;
			children = (
				D13D3BEF22B1547A0081FEEB /* Base */,
			);
			name = LaunchScreen.storyboard;
			sourceTree = "<group>";
		};
/* End PBXVariantGroup section */

/* Begin XCBuildConfiguration section */
		D13D3BF422B1547A0081FEEB /* Debug */ = {
			isa = XCBuildConfiguration;
			buildSettings = {
				ALWAYS_SEARCH_USER_PATHS = NO;
				CLANG_ANALYZER_NONNULL = YES;
				CLANG_ANALYZER_NUMBER_OBJECT_CONVERSION = YES_AGGRESSIVE;
				CLANG_CXX_LANGUAGE_STANDARD = "gnu++14";
				CLANG_CXX_LIBRARY = "libc++";
				CLANG_ENABLE_MODULES = YES;
				CLANG_ENABLE_OBJC_ARC = YES;
				CLANG_ENABLE_OBJC_WEAK = YES;
				CLANG_WARN_BLOCK_CAPTURE_AUTORELEASING = YES;
				CLANG_WARN_BOOL_CONVERSION = YES;
				CLANG_WARN_COMMA = YES;
				CLANG_WARN_CONSTANT_CONVERSION = YES;
				CLANG_WARN_DEPRECATED_OBJC_IMPLEMENTATIONS = YES;
				CLANG_WARN_DIRECT_OBJC_ISA_USAGE = YES_ERROR;
				CLANG_WARN_DOCUMENTATION_COMMENTS = YES;
				CLANG_WARN_EMPTY_BODY = YES;
				CLANG_WARN_ENUM_CONVERSION = YES;
				CLANG_WARN_INFINITE_RECURSION = YES;
				CLANG_WARN_INT_CONVERSION = YES;
				CLANG_WARN_NON_LITERAL_NULL_CONVERSION = YES;
				CLANG_WARN_OBJC_IMPLICIT_RETAIN_SELF = YES;
				CLANG_WARN_OBJC_LITERAL_CONVERSION = YES;
				CLANG_WARN_OBJC_ROOT_CLASS = YES_ERROR;
				CLANG_WARN_RANGE_LOOP_ANALYSIS = YES;
				CLANG_WARN_STRICT_PROTOTYPES = YES;
				CLANG_WARN_SUSPICIOUS_MOVE = YES;
				CLANG_WARN_UNGUARDED_AVAILABILITY = YES_AGGRESSIVE;
				CLANG_WARN_UNREACHABLE_CODE = YES;
				CLANG_WARN__DUPLICATE_METHOD_MATCH = YES;
				CODE_SIGN_IDENTITY = "iPhone Developer";
				COPY_PHASE_STRIP = NO;
				DEBUG_INFORMATION_FORMAT = dwarf;
				ENABLE_STRICT_OBJC_MSGSEND = YES;
				ENABLE_TESTABILITY = YES;
				GCC_C_LANGUAGE_STANDARD = gnu11;
				GCC_DYNAMIC_NO_PIC = NO;
				GCC_NO_COMMON_BLOCKS = YES;
				GCC_OPTIMIZATION_LEVEL = 0;
				GCC_PREPROCESSOR_DEFINITIONS = (
					"DEBUG=1",
					"$(inherited)",
				);
				GCC_WARN_64_TO_32_BIT_CONVERSION = YES;
				GCC_WARN_ABOUT_RETURN_TYPE = YES_ERROR;
				GCC_WARN_UNDECLARED_SELECTOR = YES;
				GCC_WARN_UNINITIALIZED_AUTOS = YES_AGGRESSIVE;
				GCC_WARN_UNUSED_FUNCTION = YES;
				GCC_WARN_UNUSED_VARIABLE = YES;
				IPHONEOS_DEPLOYMENT_TARGET = 12.2;
				MTL_ENABLE_DEBUG_INFO = INCLUDE_SOURCE;
				MTL_FAST_MATH = YES;
				ONLY_ACTIVE_ARCH = YES;
				SDKROOT = iphoneos;
			};
			name = Debug;
		};
		D13D3BF522B1547A0081FEEB /* Release */ = {
			isa = XCBuildConfiguration;
			buildSettings = {
				ALWAYS_SEARCH_USER_PATHS = NO;
				CLANG_ANALYZER_NONNULL = YES;
				CLANG_ANALYZER_NUMBER_OBJECT_CONVERSION = YES_AGGRESSIVE;
				CLANG_CXX_LANGUAGE_STANDARD = "gnu++14";
				CLANG_CXX_LIBRARY = "libc++";
				CLANG_ENABLE_MODULES = YES;
				CLANG_ENABLE_OBJC_ARC = YES;
				CLANG_ENABLE_OBJC_WEAK = YES;
				CLANG_WARN_BLOCK_CAPTURE_AUTORELEASING = YES;
				CLANG_WARN_BOOL_CONVERSION = YES;
				CLANG_WARN_COMMA = YES;
				CLANG_WARN_CONSTANT_CONVERSION = YES;
				CLANG_WARN_DEPRECATED_OBJC_IMPLEMENTATIONS = YES;
				CLANG_WARN_DIRECT_OBJC_ISA_USAGE = YES_ERROR;
				CLANG_WARN_DOCUMENTATION_COMMENTS = YES;
				CLANG_WARN_EMPTY_BODY = YES;
				CLANG_WARN_ENUM_CONVERSION = YES;
				CLANG_WARN_INFINITE_RECURSION = YES;
				CLANG_WARN_INT_CONVERSION = YES;
				CLANG_WARN_NON_LITERAL_NULL_CONVERSION = YES;
				CLANG_WARN_OBJC_IMPLICIT_RETAIN_SELF = YES;
				CLANG_WARN_OBJC_LITERAL_CONVERSION = YES;
				CLANG_WARN_OBJC_ROOT_CLASS = YES_ERROR;
				CLANG_WARN_RANGE_LOOP_ANALYSIS = YES;
				CLANG_WARN_STRICT_PROTOTYPES = YES;
				CLANG_WARN_SUSPICIOUS_MOVE = YES;
				CLANG_WARN_UNGUARDED_AVAILABILITY = YES_AGGRESSIVE;
				CLANG_WARN_UNREACHABLE_CODE = YES;
				CLANG_WARN__DUPLICATE_METHOD_MATCH = YES;
				CODE_SIGN_IDENTITY = "iPhone Developer";
				COPY_PHASE_STRIP = NO;
				DEBUG_INFORMATION_FORMAT = "dwarf-with-dsym";
				ENABLE_NS_ASSERTIONS = NO;
				ENABLE_STRICT_OBJC_MSGSEND = YES;
				GCC_C_LANGUAGE_STANDARD = gnu11;
				GCC_NO_COMMON_BLOCKS = YES;
				GCC_WARN_64_TO_32_BIT_CONVERSION = YES;
				GCC_WARN_ABOUT_RETURN_TYPE = YES_ERROR;
				GCC_WARN_UNDECLARED_SELECTOR = YES;
				GCC_WARN_UNINITIALIZED_AUTOS = YES_AGGRESSIVE;
				GCC_WARN_UNUSED_FUNCTION = YES;
				GCC_WARN_UNUSED_VARIABLE = YES;
				IPHONEOS_DEPLOYMENT_TARGET = 12.2;
				MTL_ENABLE_DEBUG_INFO = NO;
				MTL_FAST_MATH = YES;
				SDKROOT = iphoneos;
				VALIDATE_PRODUCT = YES;
			};
			name = Release;
		};
		D13D3BF722B1547A0081FEEB /* Debug */ = {
			isa = XCBuildConfiguration;
			buildSettings = {
				ASSETCATALOG_COMPILER_APPICON_NAME = AppIcon;
				CODE_SIGN_STYLE = Automatic;
				DEVELOPMENT_TEAM = YPV49M8592;
				HEADER_SEARCH_PATHS = $HOME/local/src/boost_1_70_0;
				INFOPLIST_FILE = "ios-boost-usage/Info.plist";
				LD_RUNPATH_SEARCH_PATHS = (
					"$(inherited)",
					"@executable_path/Frameworks",
				);
				PRODUCT_BUNDLE_IDENTIFIER = "com.everettjf.ios-boost-usage";
				PRODUCT_NAME = "$(TARGET_NAME)";
				TARGETED_DEVICE_FAMILY = "1,2";
			};
			name = Debug;
		};
		D13D3BF822B1547A0081FEEB /* Release */ = {
			isa = XCBuildConfiguration;
			buildSettings = {
				ASSETCATALOG_COMPILER_APPICON_NAME = AppIcon;
				CODE_SIGN_STYLE = Automatic;
				DEVELOPMENT_TEAM = YPV49M8592;
				HEADER_SEARCH_PATHS = $HOME/local/src/boost_1_70_0;
				INFOPLIST_FILE = "ios-boost-usage/Info.plist";
				LD_RUNPATH_SEARCH_PATHS = (
					"$(inherited)",
					"@executable_path/Frameworks",
				);
				PRODUCT_BUNDLE_IDENTIFIER = "com.everettjf.ios-boost-usage";
				PRODUCT_NAME = "$(TARGET_NAME)";
				TARGETED_DEVICE_FAMILY = "1,2";
			};
			name = Release;
		};
/* End XCBuildConfiguration section */

/* Begin XCConfigurationList section */
		D13D3BDB22B154790081FEEB /* Build configuration list for PBXProject "ios-boost-usage" */ = {
			isa = XCConfigurationList;
			buildConfigurations = (
				D13D3BF422B1547A0081FEEB /* Debug */,
				D13D3BF522B1547A0081FEEB /* Release */,
			);
			defaultConfigurationIsVisible = 0;
			defaultConfigurationName = Release;
		};
		D13D3BF622B1547A0081FEEB /* Build configuration list for PBXNativeTarget "ios-boost-usage" */ = {
			isa = XCConfigurationList;
			buildConfigurations = (
				D13D3BF722B1547A0081FEEB /* Debug */,
				D13D3BF822B1547A0081FEEB /* Release */,
			);
			defaultConfigurationIsVisible = 0;
			defaultConfigurationName = Release;
		};
/* End XCConfigurationList section */
	};
	rootObject = D13D3BD822B154790081FEEB /* Project object */;
}
